
Microsoft Visual Studio Solution File, Format Version 12.00
# Visual Studio Version 17
VisualStudioVersion = 17.0.31903.59
MinimumVisualStudioVersion = 10.0.40219.1
Project("{FAE04EC0-301F-11D3-BF4B-00C04F79EFBC}") = "SOLID_SRP", "SRP\SOLID_SRP.csproj", "{4E5F0F40-AD25-429D-948D-223BEBAF2CE2}"
EndProject
Project("{FAE04EC0-301F-11D3-BF4B-00C04F79EFBC}") = "OCP", "OCP\OCP.csproj", "{54047FF3-B365-4FBC-A675-BD3AE6B27701}"
EndProject
Project("{FAE04EC0-301F-11D3-BF4B-00C04F79EFBC}") = "ISP", "ISP\ISP.csproj", "{19A1BD13-3870-443D-8A38-19855F62241B}"
EndProject
Project("{FAE04EC0-301F-11D3-BF4B-00C04F79EFBC}") = "DIP", "DIP\DIP.csproj", "{81A14A4E-879D-482C-91D7-7B70C2FEE5AD}"
EndProject
Project("{FAE04EC0-301F-11D3-BF4B-00C04F79EFBC}") = "Delegate_Event", "Delegate_Event\Delegate_Event.csproj", "{AC007D04-71DA-4F4E-87DD-F475D7212524}"
EndProject
Project("{FAE04EC0-301F-11D3-BF4B-00C04F79EFBC}") = "Demo_Event", "Demo_Event\Demo_Event.csproj", "{88413244-2DDF-4071-A02E-3B4AEEBAC7B9}"
EndProject
Global
	GlobalSection(SolutionConfigurationPlatforms) = preSolution
		Debug|Any CPU = Debug|Any CPU
		Release|Any CPU = Release|Any CPU
	EndGlobalSection
	GlobalSection(ProjectConfigurationPlatforms) = postSolution
		{4E5F0F40-AD25-429D-948D-223BEBAF2CE2}.Debug|Any CPU.ActiveCfg = Debug|Any CPU
		{4E5F0F40-AD25-429D-948D-223BEBAF2CE2}.Debug|Any CPU.Build.0 = Debug|Any CPU
		{4E5F0F40-AD25-429D-948D-223BEBAF2CE2}.Release|Any CPU.ActiveCfg = Release|Any CPU
		{4E5F0F40-AD25-429D-948D-223BEBAF2CE2}.Release|Any CPU.Build.0 = Release|Any CPU
		{54047FF3-B365-4FBC-A675-BD3AE6B27701}.Debug|Any CPU.ActiveCfg = Debug|Any CPU
		{54047FF3-B365-4FBC-A675-BD3AE6B27701}.Debug|Any CPU.Build.0 = Debug|Any CPU
		{54047FF3-B365-4FBC-A675-BD3AE6B27701}.Release|Any CPU.ActiveCfg = Release|Any CPU
		{54047FF3-B365-4FBC-A675-BD3AE6B27701}.Release|Any CPU.Build.0 = Release|Any CPU
		{19A1BD13-3870-443D-8A38-19855F62241B}.Debug|Any CPU.ActiveCfg = Debug|Any CPU
		{19A1BD13-3870-443D-8A38-19855F62241B}.Debug|Any CPU.Build.0 = Debug|Any CPU
		{19A1BD13-3870-443D-8A38-19855F62241B}.Release|Any CPU.ActiveCfg = Release|Any CPU
		{19A1BD13-3870-443D-8A38-19855F62241B}.Release|Any CPU.Build.0 = Release|Any CPU
		{81A14A4E-879D-482C-91D7-7B70C2FEE5AD}.Debug|Any CPU.ActiveCfg = Debug|Any CPU
		{81A14A4E-879D-482C-91D7-7B70C2FEE5AD}.Debug|Any CPU.Build.0 = Debug|Any CPU
		{81A14A4E-879D-482C-91D7-7B70C2FEE5AD}.Release|Any CPU.ActiveCfg = Release|Any CPU
		{81A14A4E-879D-482C-91D7-7B70C2FEE5AD}.Release|Any CPU.Build.0 = Release|Any CPU
		{AC007D04-71DA-4F4E-87DD-F475D7212524}.Debug|Any CPU.ActiveCfg = Debug|Any CPU
		{AC007D04-71DA-4F4E-87DD-F475D7212524}.Debug|Any CPU.Build.0 = Debug|Any CPU
		{AC007D04-71DA-4F4E-87DD-F475D7212524}.Release|Any CPU.ActiveCfg = Release|Any CPU
		{AC007D04-71DA-4F4E-87DD-F475D7212524}.Release|Any CPU.Build.0 = Release|Any CPU
		{88413244-2DDF-4071-A02E-3B4AEEBAC7B9}.Debug|Any CPU.ActiveCfg = Debug|Any CPU
		{88413244-2DDF-4071-A02E-3B4AEEBAC7B9}.Debug|Any CPU.Build.0 = Debug|Any CPU
		{88413244-2DDF-4071-A02E-3B4AEEBAC7B9}.Release|Any CPU.ActiveCfg = Release|Any CPU
		{88413244-2DDF-4071-A02E-3B4AEEBAC7B9}.Release|Any CPU.Build.0 = Release|Any CPU
	EndGlobalSection
	GlobalSection(SolutionProperties) = preSolution
		HideSolutionNode = FALSE
	EndGlobalSection
EndGlobal
